
Microsoft Visual Studio Solution File, Format Version 12.00
# Visual Studio 15
VisualStudioVersion = 15.0.28010.0
MinimumVisualStudioVersion = 10.0.40219.1
Project("{00D1A9C2-B5F0-4AF3-8072-F6C62B433612}") = "BuscalePrecioBD", "BuscalePrecioBD.sqlproj", "{18ADADBE-80D8-4125-ADE8-EC2C726B9FBC}"
EndProject
Global
	GlobalSection(SolutionConfigurationPlatforms) = preSolution
		Debug|Any CPU = Debug|Any CPU
		Release|Any CPU = Release|Any CPU
	EndGlobalSection
	GlobalSection(ProjectConfigurationPlatforms) = postSolution
		{18ADADBE-80D8-4125-ADE8-EC2C726B9FBC}.Debug|Any CPU.ActiveCfg = Debug|Any CPU
		{18ADADBE-80D8-4125-ADE8-EC2C726B9FBC}.Debug|Any CPU.Build.0 = Debug|Any CPU
		{18ADADBE-80D8-4125-ADE8-EC2C726B9FBC}.Debug|Any CPU.Deploy.0 = Debug|Any CPU
		{18ADADBE-80D8-4125-ADE8-EC2C726B9FBC}.Release|Any CPU.ActiveCfg = Release|Any CPU
		{18ADADBE-80D8-4125-ADE8-EC2C726B9FBC}.Release|Any CPU.Build.0 = Release|Any CPU
		{18ADADBE-80D8-4125-ADE8-EC2C726B9FBC}.Release|Any CPU.Deploy.0 = Release|Any CPU
	EndGlobalSection
	GlobalSection(SolutionProperties) = preSolution
		HideSolutionNode = FALSE
	EndGlobalSection
	GlobalSection(ExtensibilityGlobals) = postSolution
		SolutionGuid = {A1BE5470-EBB7-4536-9467-7EE6B9CB0ECC}
	EndGlobalSection
EndGlobal
